
Microsoft Visual Studio Solution File, Format Version 12.00
# Visual Studio Version 17
VisualStudioVersion = 17.3.32901.215
MinimumVisualStudioVersion = 10.0.40219.1
Project("{8BC9CEB8-8B4A-11D0-8D11-00A0C91BC942}") = "StringList", "StringList.vcxproj", "{DF2FEFFA-05F0-4D18-9097-06CA9297BE8B}"
EndProject
Project("{8BC9CEB8-8B4A-11D0-8D11-00A0C91BC942}") = "StringList_Test", "..\StringList_Test\StringList_Test.vcxproj", "{CD1622A8-89F3-49A2-A7AA-058F300B54DD}"
EndProject
Global
	GlobalSection(SolutionConfigurationPlatforms) = preSolution
		Debug|x64 = Debug|x64
		Debug|x86 = Debug|x86
		Release|x64 = Release|x64
		Release|x86 = Release|x86
	EndGlobalSection
	GlobalSection(ProjectConfigurationPlatforms) = postSolution
		{DF2FEFFA-05F0-4D18-9097-06CA9297BE8B}.Debug|x64.ActiveCfg = Debug|x64
		{DF2FEFFA-05F0-4D18-9097-06CA9297BE8B}.Debug|x64.Build.0 = Debug|x64
		{DF2FEFFA-05F0-4D18-9097-06CA9297BE8B}.Debug|x86.ActiveCfg = Debug|Win32
		{DF2FEFFA-05F0-4D18-9097-06CA9297BE8B}.Debug|x86.Build.0 = Debug|Win32
		{DF2FEFFA-05F0-4D18-9097-06CA9297BE8B}.Release|x64.ActiveCfg = Release|x64
		{DF2FEFFA-05F0-4D18-9097-06CA9297BE8B}.Release|x64.Build.0 = Release|x64
		{DF2FEFFA-05F0-4D18-9097-06CA9297BE8B}.Release|x86.ActiveCfg = Release|Win32
		{DF2FEFFA-05F0-4D18-9097-06CA9297BE8B}.Release|x86.Build.0 = Release|Win32
		{CD1622A8-89F3-49A2-A7AA-058F300B54DD}.Debug|x64.ActiveCfg = Debug|x64
		{CD1622A8-89F3-49A2-A7AA-058F300B54DD}.Debug|x64.Build.0 = Debug|x64
		{CD1622A8-89F3-49A2-A7AA-058F300B54DD}.Debug|x86.ActiveCfg = Debug|Win32
		{CD1622A8-89F3-49A2-A7AA-058F300B54DD}.Debug|x86.Build.0 = Debug|Win32
		{CD1622A8-89F3-49A2-A7AA-058F300B54DD}.Release|x64.ActiveCfg = Release|x64
		{CD1622A8-89F3-49A2-A7AA-058F300B54DD}.Release|x64.Build.0 = Release|x64
		{CD1622A8-89F3-49A2-A7AA-058F300B54DD}.Release|x86.ActiveCfg = Release|Win32
		{CD1622A8-89F3-49A2-A7AA-058F300B54DD}.Release|x86.Build.0 = Release|Win32
	EndGlobalSection
	GlobalSection(SolutionProperties) = preSolution
		HideSolutionNode = FALSE
	EndGlobalSection
	GlobalSection(ExtensibilityGlobals) = postSolution
		SolutionGuid = {E5C4D90F-ADE7-4AFC-92A2-7CE3C31B53B4}
	EndGlobalSection
EndGlobal
