
Microsoft Visual Studio Solution File, Format Version 12.00
# Visual Studio Version 17
VisualStudioVersion = 17.3.32901.215
MinimumVisualStudioVersion = 10.0.40219.1
Project("{8BC9CEB8-8B4A-11D0-8D11-00A0C91BC942}") = "html-decode", "html-decode.vcxproj", "{62214A16-DCB3-460C-B810-E43BCCCAB956}"
EndProject
Project("{8BC9CEB8-8B4A-11D0-8D11-00A0C91BC942}") = "html-encode", "..\html-encode\html-encode.vcxproj", "{04B5DCB6-0576-44B5-A677-FEC2DD7314F7}"
EndProject
Global
	GlobalSection(SolutionConfigurationPlatforms) = preSolution
		Debug|x64 = Debug|x64
		Debug|x86 = Debug|x86
		Release|x64 = Release|x64
		Release|x86 = Release|x86
	EndGlobalSection
	GlobalSection(ProjectConfigurationPlatforms) = postSolution
		{62214A16-DCB3-460C-B810-E43BCCCAB956}.Debug|x64.ActiveCfg = Debug|x64
		{62214A16-DCB3-460C-B810-E43BCCCAB956}.Debug|x64.Build.0 = Debug|x64
		{62214A16-DCB3-460C-B810-E43BCCCAB956}.Debug|x86.ActiveCfg = Debug|Win32
		{62214A16-DCB3-460C-B810-E43BCCCAB956}.Debug|x86.Build.0 = Debug|Win32
		{62214A16-DCB3-460C-B810-E43BCCCAB956}.Release|x64.ActiveCfg = Release|x64
		{62214A16-DCB3-460C-B810-E43BCCCAB956}.Release|x64.Build.0 = Release|x64
		{62214A16-DCB3-460C-B810-E43BCCCAB956}.Release|x86.ActiveCfg = Release|Win32
		{62214A16-DCB3-460C-B810-E43BCCCAB956}.Release|x86.Build.0 = Release|Win32
		{04B5DCB6-0576-44B5-A677-FEC2DD7314F7}.Debug|x64.ActiveCfg = Debug|x64
		{04B5DCB6-0576-44B5-A677-FEC2DD7314F7}.Debug|x64.Build.0 = Debug|x64
		{04B5DCB6-0576-44B5-A677-FEC2DD7314F7}.Debug|x86.ActiveCfg = Debug|Win32
		{04B5DCB6-0576-44B5-A677-FEC2DD7314F7}.Debug|x86.Build.0 = Debug|Win32
		{04B5DCB6-0576-44B5-A677-FEC2DD7314F7}.Release|x64.ActiveCfg = Release|x64
		{04B5DCB6-0576-44B5-A677-FEC2DD7314F7}.Release|x64.Build.0 = Release|x64
		{04B5DCB6-0576-44B5-A677-FEC2DD7314F7}.Release|x86.ActiveCfg = Release|Win32
		{04B5DCB6-0576-44B5-A677-FEC2DD7314F7}.Release|x86.Build.0 = Release|Win32
	EndGlobalSection
	GlobalSection(SolutionProperties) = preSolution
		HideSolutionNode = FALSE
	EndGlobalSection
	GlobalSection(ExtensibilityGlobals) = postSolution
		SolutionGuid = {73ED1E42-DECB-4FA4-AE61-19BE17EEF5D7}
	EndGlobalSection
EndGlobal
